
Microsoft Visual Studio Solution File, Format Version 12.00
# Visual Studio Version 17
VisualStudioVersion = 17.0.31612.314
MinimumVisualStudioVersion = 10.0.40219.1
Project("{FAE04EC0-301F-11D3-BF4B-00C04F79EFBC}") = "ProduceWithPandas", "ProduceWithPandas\ProduceWithPandas.csproj", "{FEA7EB7F-9C8A-4012-AC20-01FF1F6F04D1}"
EndProject
Global
	GlobalSection(SolutionConfigurationPlatforms) = preSolution
		Debug|Any CPU = Debug|Any CPU
		Release|Any CPU = Release|Any CPU
	EndGlobalSection
	GlobalSection(ProjectConfigurationPlatforms) = postSolution
		{FEA7EB7F-9C8A-4012-AC20-01FF1F6F04D1}.Debug|Any CPU.ActiveCfg = Debug|Any CPU
		{FEA7EB7F-9C8A-4012-AC20-01FF1F6F04D1}.Debug|Any CPU.Build.0 = Debug|Any CPU
		{FEA7EB7F-9C8A-4012-AC20-01FF1F6F04D1}.Release|Any CPU.ActiveCfg = Release|Any CPU
		{FEA7EB7F-9C8A-4012-AC20-01FF1F6F04D1}.Release|Any CPU.Build.0 = Release|Any CPU
	EndGlobalSection
	GlobalSection(SolutionProperties) = preSolution
		HideSolutionNode = FALSE
	EndGlobalSection
	GlobalSection(ExtensibilityGlobals) = postSolution
		SolutionGuid = {9C105FE9-6D69-401A-A8D6-130E39A3D6E6}
	EndGlobalSection
EndGlobal
